{
  "version": "5",
  "specifiers": {
    "jsr:@std/assert@1": "1.0.19",
    "jsr:@std/fs@1": "1.0.24",
    "jsr:@std/internal@^1.0.12": "1.0.14",
    "jsr:@std/internal@^1.0.14": "1.0.14",
    "jsr:@std/path@1": "1.1.6",
    "jsr:@std/path@^1.1.5": "1.1.6",
    "jsr:@std/yaml@1": "1.1.1",
    "npm:@changesets/cli@3.0.2": "3.0.2",
    "npm:@goast/core@0.5.3": "0.5.3",
    "npm:@goast/typescript@0.6.2": "0.6.2"
  },
  "jsr": {
    "@std/assert@1.0.19": {
      "integrity": "eaada96ee120cb980bc47e040f82814d786fe8162ecc53c91d8df60b8755991e",
      "dependencies": [
        "jsr:@std/internal@^1.0.12"
      ]
    },
    "@std/fs@1.0.24": {
      "integrity": "f3061b45b81673a2bece689da041df32d174be064c89eb6397fb5718d3fb7877",
      "dependencies": [
        "jsr:@std/path@^1.1.5"
      ]
    },
    "@std/internal@1.0.14": {
      "integrity": "291516b3d4c35024d6ffbc0a9df5bf4c64116e05b50012cf846710152d2ffdf7"
    },
    "@std/path@1.1.6": {
      "integrity": "c68485c2a4dfbb5ae3cc74fae4e8c4e5d874cf8a8ed12927917235c758b46cbe",
      "dependencies": [
        "jsr:@std/internal@^1.0.14"
      ]
    },
    "@std/yaml@1.1.1": {
      "integrity": "a57665ecf3d17b926380593a56625d8a10cc7281802f1e993b5ebc94a48e71f8"
    }
  },
  "npm": {
    "@changesets/apply-release-plan@8.1.0": {
      "integrity": "sha512-M93HOGyX3ssg6He3b5NotaHtQVu6uajHS6UIQ28xKt2RzskCy73ayX4I914qBKjTJmrE4YFlELQjfcqxbmGLJw==",
      "dependencies": [
        "@changesets/config",
        "@changesets/format",
        "@changesets/git",
        "@changesets/should-skip-package",
        "@changesets/types",
        "import-meta-resolve",
        "jsonc-parser",
        "semver"
      ]
    },
    "@changesets/assemble-release-plan@7.0.0": {
      "integrity": "sha512-oEW8BxdA604kGGtDSCiHr5w9Tv4UWe9I2k61IBNZzCOE1kbYaJj4v+lFQNgcEZFkUc2pV/+hASErGDvpJOZCTg==",
      "dependencies": [
        "@changesets/errors",
        "@changesets/get-dependents-graph",
        "@changesets/should-skip-package",
        "@changesets/types",
        "semver"
      ]
    },
    "@changesets/changelog-git@1.0.0": {
      "integrity": "sha512-3Dst2Ime2Op5nd4XmWJLPIgp11ZFqJqSkVug9izK6TDcIV4YlhPS4ECbEVR+eGI0bk0r1ItogD4j2Oli87bJrA==",
      "dependencies": [
        "@changesets/types"
      ]
    },
    "@changesets/cli@3.0.2": {
      "integrity": "sha512-t/omGJj/I+Jv0kmJAkj5cstYEdUQiJnpip2F+2m3F4lQ3kAZ3o8Exep4/Fm1qq4rvw6ovlhJvZNrKdwLJ4lkuQ==",
      "dependencies": [
        "@changesets/apply-release-plan",
        "@changesets/assemble-release-plan",
        "@changesets/changelog-git",
        "@changesets/config",
        "@changesets/errors",
        "@changesets/get-dependents-graph",
        "@changesets/git",
        "@changesets/pre",
        "@changesets/read",
        "@changesets/should-skip-package",
        "@changesets/types",
        "@changesets/write",
        "@clack/prompts",
        "@manypkg/get-packages",
        "@pnpm/deps.graph-sequencer",
        "cac",
        "import-meta-resolve",
        "launch-editor",
        "package-manager-detector",
        "semver",
        "tinyexec"
      ],
      "bin": true
    },
    "@changesets/config@4.0.0": {
      "integrity": "sha512-mw95/YrkOuhZZxfnVAA4bSXOFUi+KlhzOBTM8C4x777NhUU6HWIl9Z+K+nME+E4PVsv5NQVQwTfiHihAS1A/ow==",
      "dependencies": [
        "@changesets/get-dependents-graph",
        "@changesets/should-skip-package",
        "@changesets/types",
        "@manypkg/get-packages",
        "picomatch"
      ]
    },
    "@changesets/errors@1.0.0": {
      "integrity": "sha512-ElN/mEzn6zmETgjwf5MclCMa9ef59sAR0lfO8VSYIsiRvbC2FbLB/92EoYw10Sl0kGixxHFiJZUSv7dA+YpR8g=="
    },
    "@changesets/format@0.1.2": {
      "integrity": "sha512-Caez5XtNXCFS/G5bwyav3wuXL0tMxVd2ZGbaumWbzN08tyzO21asCw7JZhNtVsAZDCvDRUzZN+Iit9SyRITSYA==",
      "dependencies": [
        "package-manager-detector",
        "tinyexec"
      ]
    },
    "@changesets/get-dependents-graph@3.0.0": {
      "integrity": "sha512-ji/t5wFA1zREKXRUePE6Qi+Qu2UgxCeSSGQrphezwvQZrp49B7sJ+8+wvM0tA7zPeSxYKCojDy3WWgrl+s+awg==",
      "dependencies": [
        "@changesets/types",
        "semver"
      ]
    },
    "@changesets/git@4.0.1": {
      "integrity": "sha512-6vWpIAC4LkpmlqaIu37ViT5enyd9+uBwAiGqCGhASvkSHBgx4PrtTGXWTMFYpDmZbjgyonyVgMciPrW4MqtJsA==",
      "dependencies": [
        "@changesets/errors",
        "@changesets/types",
        "@manypkg/get-packages",
        "picomatch",
        "tinyexec"
      ]
    },
    "@changesets/parse@1.0.0": {
      "integrity": "sha512-P0iaMb9p9CRYZiTgAllEIF9AUMQHIy1G72tKlcIqJp61icZSsKQNiOPdxAMZG8m/DvZwt/oz5xEbTpike//dWg==",
      "dependencies": [
        "@changesets/types",
        "yaml"
      ]
    },
    "@changesets/pre@3.0.0": {
      "integrity": "sha512-Zm/6YliV/a2oeWTqHJf6KxLrQwgcK1i/BRDl2m0EKZvbnxV5fG9QRhwJJGshjsZTUTS6dkfURQ2K6aAvgNw/3Q==",
      "dependencies": [
        "@changesets/errors",
        "@changesets/types",
        "@manypkg/get-packages"
      ]
    },
    "@changesets/read@1.0.1": {
      "integrity": "sha512-nzvSC6RcTiWf/dsuwZFXpLzGGsRHYCL68U3uHV7srsulU93aVWY7u2GEJiDZ+4GIIElfaW5EqtKC0UHroY+LTQ==",
      "dependencies": [
        "@changesets/git",
        "@changesets/parse",
        "@changesets/types"
      ]
    },
    "@changesets/should-skip-package@1.0.0": {
      "integrity": "sha512-pwqoJmbONn1XgXmZXPEExgAaT+HdZLjALFTDgIm+PnS5KeO2nLtzA2/Q+4aMFY14kFMuXKG30MObhvDzWgzDgg==",
      "dependencies": [
        "@changesets/types"
      ]
    },
    "@changesets/types@7.0.0": {
      "integrity": "sha512-c5GoiQyt3pxiXjrWSNoP8/GRf4kG+VnKzovx1OQM8dYYALlSwgedmkPmJ+ZqGxqwg9D3Bkj85Uo4KLd5BN3A0w=="
    },
    "@changesets/write@1.0.1": {
      "integrity": "sha512-q/ThtP9gcnEP6xlv7LrY26C2mHqdGBti/MmOVngt/M/oIGYkssmQGxPK9WzBNt2juVcH/vml2WQ+ra8LXYOTaA==",
      "dependencies": [
        "@changesets/format",
        "@changesets/types",
        "human-id"
      ]
    },
    "@clack/core@1.5.0": {
      "integrity": "sha512-zNikCcd8BbcEvzzG1sbXFrRHFk5kHPrpwZwksPvf9qyQO1Teb7JaXaOAxXZei9nZLDW0gaZawiuTCji88bTBhw==",
      "dependencies": [
        "fast-wrap-ansi",
        "sisteransi"
      ]
    },
    "@clack/prompts@1.8.0": {
      "integrity": "sha512-PXzLZ8N34rxmuo4dJg3xtOXhcBse94qGjDqsteoEYrFrrZ5FSjIGwMAuOcv64ln8rHVBBD06XeVGr+/JX+plcA==",
      "dependencies": [
        "@clack/core",
        "fast-string-width",
        "fast-wrap-ansi",
        "sisteransi"
      ]
    },
    "@goast/core@0.5.0": {
      "integrity": "sha512-DHx1/+RTaZpZpakABhtQYVra3REHQaNUGp33T4go+lR4pZbFxbJz9S0NEAnIdC+zIpu7lea07qNUUEU8UX5lkA==",
      "dependencies": [
        "fs-extra",
        "tslib",
        "undici",
        "yaml"
      ]
    },
    "@goast/core@0.5.3": {
      "integrity": "sha512-w13jOS9AkoXMhRLANweojNn8vaz/RABDHSyKVcq1+y13mqGAIj3gCxrYtpCJoEbTmHXD5nsZsYHBHI6u5yF9rQ==",
      "dependencies": [
        "fs-extra",
        "tslib",
        "undici",
        "yaml"
      ]
    },
    "@goast/typescript@0.6.2": {
      "integrity": "sha512-kYioOiI8HUem6Ky+e68LfG2HEMqQhH1vWJzUY2nuaZCM8emi3cIUQB+F+gMWbVuO0p62XTZUIiuwbfp99u1Ptw==",
      "dependencies": [
        "@goast/core@0.5.0",
        "fs-extra",
        "tslib"
      ]
    },
    "@manypkg/find-root@3.1.0": {
      "integrity": "sha512-BcSqCyKhBVZ5YkSzOiheMCV41kqAFptW6xGqYSTjkVTl9XQpr+pqHhwgGCOHQtjDCv7Is6EFyA14Sm5GVbVABA==",
      "dependencies": [
        "@manypkg/tools"
      ]
    },
    "@manypkg/get-packages@3.1.0": {
      "integrity": "sha512-0TbBVyvPrP7xGYBI/cP8UP+yl/z+HtbTttAD7FMAJgn/kXOTwh5/60TsqP9ZYY710forNfyV0N8P/IE/ujGZJg==",
      "dependencies": [
        "@manypkg/find-root",
        "@manypkg/tools"
      ]
    },
    "@manypkg/tools@2.1.2": {
      "integrity": "sha512-6QEf6yqFbETdwGITKq57aYoPfX/3K8XFNwsAlx0C1M7o8cb79sv1M3w+tWuWvIcSbNqrLF7OD7YpZMVVz335hQ==",
      "dependencies": [
        "jju",
        "tinyglobby",
        "yaml"
      ]
    },
    "@pnpm/deps.graph-sequencer@1100.0.1": {
      "integrity": "sha512-pOr5+q1fLYKwFN3LAJuGZEnfXDcQ73zqgDHMtGy+K+uIoUqyY+6MeDCWFwfu+4EFuq76I5EPFofoNAI+Bmmq4A=="
    },
    "cac@7.0.0": {
      "integrity": "sha512-tixWYgm5ZoOD+3g6UTea91eow5z6AAHaho3g0V9CNSNb45gM8SmflpAc+GRd1InC4AqN/07Unrgp56Y94N9hJQ=="
    },
    "fast-string-truncated-width@3.0.3": {
      "integrity": "sha512-0jjjIEL6+0jag3l2XWWizO64/aZVtpiGE3t0Zgqxv0DPuxiMjvB3M24fCyhZUO4KomJQPj3LTSUnDP3GpdwC0g=="
    },
    "fast-string-width@3.0.2": {
      "integrity": "sha512-gX8LrtNEI5hq8DVUfRQMbr5lpaS4nMIWV+7XEbXk2b8kiQIizgnlr12B4dA3ZEx3308ze0O4Q1R+cHts8kyUJg==",
      "dependencies": [
        "fast-string-truncated-width"
      ]
    },
    "fast-wrap-ansi@0.2.2": {
      "integrity": "sha512-7F2Fl+TjRSenLqlU3UjSH0iyqopqoZIu7eZVpEirP2g1GtWa2G/ecEmBdgz31+Mxr+ELclgg6sokpSFIQiZ02Q==",
      "dependencies": [
        "fast-string-width"
      ]
    },
    "fdir@6.5.0_picomatch@4.0.7": {
      "integrity": "sha512-tIbYtZbucOs0BRGqPJkshJUYdL+SDH7dVM8gjy+ERp3WAUjLEFJE+02kanyHtwjWOnwrKYBiwAmM0p4kLJAnXg==",
      "dependencies": [
        "picomatch"
      ],
      "optionalPeers": [
        "picomatch"
      ]
    },
    "fs-extra@11.3.5": {
      "integrity": "sha512-eKpRKAovdpZtR1WopLHxlBWvAgPny3c4gX1G5Jhwmmw4XJj0ifSD5qB5TOo8hmA0wlRKDAOAhEE1yVPgs6Fgcg==",
      "dependencies": [
        "graceful-fs",
        "jsonfile",
        "universalify"
      ]
    },
    "graceful-fs@4.2.11": {
      "integrity": "sha512-RbJ5/jmFcNNCcDV5o9eTnBLJ/HszWV0P73bc+Ff4nS/rJj+YaS6IGyiOL0VoBYX+l1Wrl3k63h/KrH+nhJ0XvQ=="
    },
    "human-id@4.2.1": {
      "integrity": "sha512-zPGsiS+dWoTZtZ4AtpA9Y+BdSFSNWvnouNlWNoUFyAM6xHOHmdCvqO3k8AIbdamCOv4gUFUVNPf6rJFfc4UiJw==",
      "bin": true
    },
    "import-meta-resolve@4.2.0": {
      "integrity": "sha512-Iqv2fzaTQN28s/FwZAoFq0ZSs/7hMAHJVX+w8PZl3cY19Pxk6jFFalxQoIfW2826i/fDLXv8IiEZRIT0lDuWcg=="
    },
    "jju@1.4.0": {
      "integrity": "sha512-8wb9Yw966OSxApiCt0K3yNJL8pnNeIv+OEq2YMidz4FKP6nonSRoOXc80iXY4JaN2FC11B9qsNmDsm+ZOfMROA=="
    },
    "jsonc-parser@3.3.1": {
      "integrity": "sha512-HUgH65KyejrUFPvHFPbqOY0rsFip3Bo5wb4ngvdi1EpCYWUQDC5V+Y7mZws+DLkr4M//zQJoanu1SP+87Dv1oQ=="
    },
    "jsonfile@6.2.1": {
      "integrity": "sha512-zwOTdL3rFQ/lRdBnntKVOX6k5cKJwEc1HdilT71BWEu7J41gXIB2MRp+vxduPSwZJPWBxEzv4yH1wYLJGUHX4Q==",
      "dependencies": [
        "universalify"
      ],
      "optionalDependencies": [
        "graceful-fs"
      ]
    },
    "launch-editor@2.14.1": {
      "integrity": "sha512-QWBrQsMpH7gPr965dsKD/3cKWiNoTjpATQf++Xq63N6sKRGMwlVXz41O1IZTMfZQgBctD/K5Zt06+/I6pP6+HA==",
      "dependencies": [
        "picocolors",
        "shell-quote"
      ]
    },
    "package-manager-detector@1.8.0": {
      "integrity": "sha512-yQA4H19AmPEoMUeavPMDIe1higySl/gH/yaQrkT/s07Qp+7pp2hYz30N3z2l5BkjVkF9Ow6o0wjJamm2y7Sn0A=="
    },
    "picocolors@1.1.1": {
      "integrity": "sha512-xceH2snhtb5M9liqDsmEw56le376mTZkEX/jEb/RxNFyegNul7eNslCXP9FDj/Lcu0X8KEyMceP2ntpaHrDEVA=="
    },
    "picomatch@4.0.7": {
      "integrity": "sha512-qcJu88Q2IWqJsDD529JKMdwGm/dvInW4HvQnRwiH9JtihJvzGOscDtHE3x1pBKeUOTysQ8kVmLnJ2kJu7yhcGA=="
    },
    "semver@7.8.5": {
      "integrity": "sha512-Y7/KDsb8LjooZpwaqGyulO6DQlksgCncchHGk+sZIY4SBvUocMBEFH5Ur1fI4dV+Jvl0w6cjvucaIi40puRioA==",
      "bin": true
    },
    "shell-quote@1.10.0": {
      "integrity": "sha512-w1aiOKwKuRgtwAReIIj89puqg+I7GvX4IbLrvmhXbzQsj1+Zwi4VO3+fa6ZF91TWSjIxoEkKnMeHcLEODK5ZXA=="
    },
    "sisteransi@1.0.5": {
      "integrity": "sha512-bLGGlR1QxBcynn2d5YmDX4MGjlZvy2MRBDRNHLJ8VI6l6+9FUiyTFNJ0IveOSP0bcXgVDPRcfGqA0pjaqUpfVg=="
    },
    "tinyexec@1.3.1": {
      "integrity": "sha512-GCvB3aoys96IuDFBMcTB46JOR6mdMtAToqwiW8JlWhsoh1mhHi/xn9ss/Dg7N555GiJyEt2qzoG/NHCwM6h1EA=="
    },
    "tinyglobby@0.2.17": {
      "integrity": "sha512-wXR/dYpcqKmfWpEdZjiKJOwCNFndD0DMnrW/cYjVGttEkBfVgcLFHoNrlj47mjOVic9yyNu65alsgF4NQyTa2g==",
      "dependencies": [
        "fdir",
        "picomatch"
      ]
    },
    "tslib@2.8.1": {
      "integrity": "sha512-oJFu94HQb+KVduSUQL7wnpmqnfmLsOA/nAh6b6EH0wCEoK0/mPeXU6c3wKDV83MkOuHPRHtSXKKU99IBazS/2w=="
    },
    "undici@6.26.0": {
      "integrity": "sha512-4yqz8a3n5HmGTlsbADNtr/dJlhkh/55Rq798G6ibiULcXbDtaLpTl1pvdqcbFfeoj3iSi52lePFM7h9H21cw/A=="
    },
    "universalify@2.0.1": {
      "integrity": "sha512-gptHNQghINnc/vTGIk0SOFGFNXw7JVrlRUtConJRlvaw6DuX0wO5Jeko9sWrMBhh+PsYAZ7oXAiOnf/UKogyiw=="
    },
    "yaml@2.9.0": {
      "integrity": "sha512-2AvhNX3mb8zd6Zy7INTtSpl1F15HW6Wnqj0srWlkKLcpYl/gMIMJiyuGq2KeI2YFxUPjdlB+3Lc10seMLtL4cA==",
      "bin": true
    }
  },
  "workspace": {
    "packageJson": {
      "dependencies": [
        "npm:@changesets/cli@3.0.2"
      ]
    },
    "members": {
      "runtime": {
        "dependencies": [
          "jsr:@std/assert@1",
          "jsr:@std/fs@1",
          "jsr:@std/path@1",
          "jsr:@std/yaml@1",
          "npm:@goast/core@0.5.3",
          "npm:@goast/typescript@0.6.2"
        ]
      }
    }
  }
}
